
Microsoft Visual Studio Solution File, Format Version 12.00
# Visual Studio Version 17
VisualStudioVersion = 17.0.32112.339
MinimumVisualStudioVersion = 10.0.40219.1
Project("{FAE04EC0-301F-11D3-BF4B-00C04F79EFBC}") = "WingCalculatorShared", "..\..\reposWingCalculator\WingCalculatorShared\WingCalculatorShared.csproj", "{0DF30737-83FC-4748-BD14-C0657EA8D9AA}"
EndProject
Project("{FAE04EC0-301F-11D3-BF4B-00C04F79EFBC}") = "WingCalculatorForms", "WingCalculatorForms\WingCalculatorForms.csproj", "{EB7EAC20-1381-4FC5-A8C7-22AB11A1BBE7}"
EndProject
Project("{FAE04EC0-301F-11D3-BF4B-00C04F79EFBC}") = "WingCalculatorConsole", "WingCalculatorConsole\WingCalculatorConsole.csproj", "{6679AF97-168B-411F-896B-DA18A9099233}"
EndProject
Global
	GlobalSection(SolutionConfigurationPlatforms) = preSolution
		Debug|Any CPU = Debug|Any CPU
		Release|Any CPU = Release|Any CPU
	EndGlobalSection
	GlobalSection(ProjectConfigurationPlatforms) = postSolution
		{0DF30737-83FC-4748-BD14-C0657EA8D9AA}.Debug|Any CPU.ActiveCfg = Debug|Any CPU
		{0DF30737-83FC-4748-BD14-C0657EA8D9AA}.Debug|Any CPU.Build.0 = Debug|Any CPU
		{0DF30737-83FC-4748-BD14-C0657EA8D9AA}.Release|Any CPU.ActiveCfg = Release|Any CPU
		{0DF30737-83FC-4748-BD14-C0657EA8D9AA}.Release|Any CPU.Build.0 = Release|Any CPU
		{EB7EAC20-1381-4FC5-A8C7-22AB11A1BBE7}.Debug|Any CPU.ActiveCfg = Debug|Any CPU
		{EB7EAC20-1381-4FC5-A8C7-22AB11A1BBE7}.Debug|Any CPU.Build.0 = Debug|Any CPU
		{EB7EAC20-1381-4FC5-A8C7-22AB11A1BBE7}.Release|Any CPU.ActiveCfg = Release|Any CPU
		{EB7EAC20-1381-4FC5-A8C7-22AB11A1BBE7}.Release|Any CPU.Build.0 = Release|Any CPU
		{6679AF97-168B-411F-896B-DA18A9099233}.Debug|Any CPU.ActiveCfg = Debug|Any CPU
		{6679AF97-168B-411F-896B-DA18A9099233}.Debug|Any CPU.Build.0 = Debug|Any CPU
		{6679AF97-168B-411F-896B-DA18A9099233}.Release|Any CPU.ActiveCfg = Release|Any CPU
		{6679AF97-168B-411F-896B-DA18A9099233}.Release|Any CPU.Build.0 = Release|Any CPU
	EndGlobalSection
	GlobalSection(SolutionProperties) = preSolution
		HideSolutionNode = FALSE
	EndGlobalSection
	GlobalSection(ExtensibilityGlobals) = postSolution
		SolutionGuid = {246CA8C4-402C-413A-ADDA-8CA52564D7EF}
	EndGlobalSection
EndGlobal
